PODS:
  - Alamofire (3.4.2)
  - SwiftyJSON (2.3.3)

DEPENDENCIES:
  - Alamofire (~> 3.4.1)
  - SwiftyJSON (~> 2.3.2)

SPEC CHECKSUMS:
  Alamofire: 6aa33201d20d069e1598891cf928883ff1888c7a
  SwiftyJSON: 0fd0a115a3c0c09b277d2ab801df154902b942c3

PODFILE CHECKSUM: 105424b261912627a264726b55a6133888d3030e

COCOAPODS: 1.0.1
