// !$*UTF8*$!
{
	archiveVersion = 1;
	classes = {
	};
	objectVersion = 46;
	objects = {

/* Begin PBXBuildFile section */
		3B724FED61895F9ED74C0E06 /* Pods_SwiftCustomTests.framework in Frameworks */ = {isa = PBXBuildFile; fileRef = C51181113C29C8CC45A45339 /* Pods_SwiftCustomTests.framework */; };
		728C5420B5DECF806D613406 /* Pods_SwiftCustom.framework in Frameworks */ = {isa = PBXBuildFile; fileRef = B3E1A52CA02BFF742EA0A490 /* Pods_SwiftCustom.framework */; };
		97109A751BF078F1007D9D5B /* ColorView.swift in Sources */ = {isa = PBXBuildFile; fileRef = 97109A741BF078F1007D9D5B /* ColorView.swift */; };
		97109A771BF07918007D9D5B /* FirstViewController.swift in Sources */ = {isa = PBXBuildFile; fileRef = 97109A761BF07918007D9D5B /* FirstViewController.swift */; };
		971712441BFACEAD00F7F6FA /* MyCell.swift in Sources */ = {isa = PBXBuildFile; fileRef = 971712431BFACEAD00F7F6FA /* MyCell.swift */; };
		97EEE3CB1B78B6A4005AB843 /* AppDelegate.swift in Sources */ = {isa = PBXBuildFile; fileRef = 97EEE3CA1B78B6A4005AB843 /* AppDelegate.swift */; };
		97EEE3CD1B78B6A4005AB843 /* ViewController.swift in Sources */ = {isa = PBXBuildFile; fileRef = 97EEE3CC1B78B6A4005AB843 /* ViewController.swift */; };
		97EEE3D01B78B6A4005AB843 /* Main.storyboard in Resources */ = {isa = PBXBuildFile; fileRef = 97EEE3CE1B78B6A4005AB843 /* Main.storyboard */; };
		97EEE3D21B78B6A4005AB843 /* Images.xcassets in Resources */ = {isa = PBXBuildFile; fileRef = 97EEE3D11B78B6A4005AB843 /* Images.xcassets */; };
		97EEE3D51B78B6A4005AB843 /* LaunchScreen.xib in Resources */ = {isa = PBXBuildFile; fileRef = 97EEE3D31B78B6A4005AB843 /* LaunchScreen.xib */; };
		97EEE3E11B78B6A4005AB843 /* SwiftCustomTests.swift in Sources */ = {isa = PBXBuildFile; fileRef = 97EEE3E01B78B6A4005AB843 /* SwiftCustomTests.swift */; };
/* End PBXBuildFile section */

/* Begin PBXContainerItemProxy section */
		97EEE3DB1B78B6A4005AB843 /* PBXContainerItemProxy */ = {
			isa = PBXContainerItemProxy;
			containerPortal = 97EEE3BD1B78B6A4005AB843 /* Project object */;
			proxyType = 1;
			remoteGlobalIDString = 97EEE3C41B78B6A4005AB843;
			remoteInfo = SwiftCustom;
		};
/* End PBXContainerItemProxy section */

/* Begin PBXFileReference section */
		43896C9513A9F3C1C2CE2129 /* Pods-SwiftCustom.release.xcconfig */ = {isa = PBXFileReference; includeInIndex = 1; lastKnownFileType = text.xcconfig; name = "Pods-SwiftCustom.release.xcconfig"; path = "Pods/Target Support Files/Pods-SwiftCustom/Pods-SwiftCustom.release.xcconfig"; sourceTree = "<group>"; };
		68420EE7AA85C49CB0073C6F /* Pods-SwiftCustomTests.release.xcconfig */ = {isa = PBXFileReference; includeInIndex = 1; lastKnownFileType = text.xcconfig; name = "Pods-SwiftCustomTests.release.xcconfig"; path = "Pods/Target Support Files/Pods-SwiftCustomTests/Pods-SwiftCustomTests.release.xcconfig"; sourceTree = "<group>"; };
		85BECC6B57FC05BCBACD25D0 /* Pods-SwiftCustom.debug.xcconfig */ = {isa = PBXFileReference; includeInIndex = 1; lastKnownFileType = text.xcconfig; name = "Pods-SwiftCustom.debug.xcconfig"; path = "Pods/Target Support Files/Pods-SwiftCustom/Pods-SwiftCustom.debug.xcconfig"; sourceTree = "<group>"; };
		97109A741BF078F1007D9D5B /* ColorView.swift */ = {isa = PBXFileReference; fileEncoding = 4; lastKnownFileType = sourcecode.swift; path = ColorView.swift; sourceTree = "<group>"; };
		97109A761BF07918007D9D5B /* FirstViewController.swift */ = {isa = PBXFileReference; fileEncoding = 4; lastKnownFileType = sourcecode.swift; path = FirstViewController.swift; sourceTree = "<group>"; };
		971712431BFACEAD00F7F6FA /* MyCell.swift */ = {isa = PBXFileReference; fileEncoding = 4; lastKnownFileType = sourcecode.swift; path = MyCell.swift; sourceTree = "<group>"; };
		97EEE3C51B78B6A4005AB843 /* SwiftCustom.app */ = {isa = PBXFileReference; explicitFileType = wrapper.application; includeInIndex = 0; path = SwiftCustom.app; sourceTree = BUILT_PRODUCTS_DIR; };
		97EEE3C91B78B6A4005AB843 /* Info.plist */ = {isa = PBXFileReference; lastKnownFileType = text.plist.xml; path = Info.plist; sourceTree = "<group>"; };
		97EEE3CA1B78B6A4005AB843 /* AppDelegate.swift */ = {isa = PBXFileReference; lastKnownFileType = sourcecode.swift; path = AppDelegate.swift; sourceTree = "<group>"; };
		97EEE3CC1B78B6A4005AB843 /* ViewController.swift */ = {isa = PBXFileReference; lastKnownFileType = sourcecode.swift; path = ViewController.swift; sourceTree = "<group>"; };
		97EEE3CF1B78B6A4005AB843 /* Base */ = {isa = PBXFileReference; lastKnownFileType = file.storyboard; name = Base; path = Base.lproj/Main.storyboard; sourceTree = "<group>"; };
		97EEE3D11B78B6A4005AB843 /* Images.xcassets */ = {isa = PBXFileReference; lastKnownFileType = folder.assetcatalog; path = Images.xcassets; sourceTree = "<group>"; };
		97EEE3D41B78B6A4005AB843 /* Base */ = {isa = PBXFileReference; lastKnownFileType = file.xib; name = Base; path = Base.lproj/LaunchScreen.xib; sourceTree = "<group>"; };
		97EEE3DA1B78B6A4005AB843 /* SwiftCustomTests.xctest */ = {isa = PBXFileReference; explicitFileType = wrapper.cfbundle; includeInIndex = 0; path = SwiftCustomTests.xctest; sourceTree = BUILT_PRODUCTS_DIR; };
		97EEE3DF1B78B6A4005AB843 /* Info.plist */ = {isa = PBXFileReference; lastKnownFileType = text.plist.xml; path = Info.plist; sourceTree = "<group>"; };
		97EEE3E01B78B6A4005AB843 /* SwiftCustomTests.swift */ = {isa = PBXFileReference; lastKnownFileType = sourcecode.swift; path = SwiftCustomTests.swift; sourceTree = "<group>"; };
		B3E1A52CA02BFF742EA0A490 /* Pods_SwiftCustom.framework */ = {isa = PBXFileReference; explicitFileType = wrapper.framework; includeInIndex = 0; path = Pods_SwiftCustom.framework; sourceTree = BUILT_PRODUCTS_DIR; };
		C51181113C29C8CC45A45339 /* Pods_SwiftCustomTests.framework */ = {isa = PBXFileReference; explicitFileType = wrapper.framework; includeInIndex = 0; path = Pods_SwiftCustomTests.framework; sourceTree = BUILT_PRODUCTS_DIR; };
		DA735C54C1F7B9C070F977D0 /* Pods-SwiftCustomTests.debug.xcconfig */ = {isa = PBXFileReference; includeInIndex = 1; lastKnownFileType = text.xcconfig; name = "Pods-SwiftCustomTests.debug.xcconfig"; path = "Pods/Target Support Files/Pods-SwiftCustomTests/Pods-SwiftCustomTests.debug.xcconfig"; sourceTree = "<group>"; };
/* End PBXFileReference section */

/* Begin PBXFrameworksBuildPhase section */
		97EEE3C21B78B6A4005AB843 /* Frameworks */ = {
			isa = PBXFrameworksBuildPhase;
			buildActionMask = 2147483647;
			files = (
				728C5420B5DECF806D613406 /* Pods_SwiftCustom.framework in Frameworks */,
			);
			runOnlyForDeploymentPostprocessing = 0;
		};
		97EEE3D71B78B6A4005AB843 /* Frameworks */ = {
			isa = PBXFrameworksBuildPhase;
			buildActionMask = 2147483647;
			files = (
				3B724FED61895F9ED74C0E06 /* Pods_SwiftCustomTests.framework in Frameworks */,
			);
			runOnlyForDeploymentPostprocessing = 0;
		};
/* End PBXFrameworksBuildPhase section */

/* Begin PBXGroup section */
		97EEE3BC1B78B6A4005AB843 = {
			isa = PBXGroup;
			children = (
				97EEE3C71B78B6A4005AB843 /* SwiftCustom */,
				97EEE3DD1B78B6A4005AB843 /* SwiftCustomTests */,
				97EEE3C61B78B6A4005AB843 /* Products */,
				B0716577170721D9E81327BE /* Pods */,
				EC8B74625130AB03075B11B1 /* Frameworks */,
			);
			sourceTree = "<group>";
		};
		97EEE3C61B78B6A4005AB843 /* Products */ = {
			isa = PBXGroup;
			children = (
				97EEE3C51B78B6A4005AB843 /* SwiftCustom.app */,
				97EEE3DA1B78B6A4005AB843 /* SwiftCustomTests.xctest */,
			);
			name = Products;
			sourceTree = "<group>";
		};
		97EEE3C71B78B6A4005AB843 /* SwiftCustom */ = {
			isa = PBXGroup;
			children = (
				97EEE3CA1B78B6A4005AB843 /* AppDelegate.swift */,
				97EEE3CC1B78B6A4005AB843 /* ViewController.swift */,
				971712431BFACEAD00F7F6FA /* MyCell.swift */,
				97EEE3CE1B78B6A4005AB843 /* Main.storyboard */,
				97EEE3D11B78B6A4005AB843 /* Images.xcassets */,
				97EEE3D31B78B6A4005AB843 /* LaunchScreen.xib */,
				97EEE3C81B78B6A4005AB843 /* Supporting Files */,
				97109A741BF078F1007D9D5B /* ColorView.swift */,
				97109A761BF07918007D9D5B /* FirstViewController.swift */,
			);
			path = SwiftCustom;
			sourceTree = "<group>";
		};
		97EEE3C81B78B6A4005AB843 /* Supporting Files */ = {
			isa = PBXGroup;
			children = (
				97EEE3C91B78B6A4005AB843 /* Info.plist */,
			);
			name = "Supporting Files";
			sourceTree = "<group>";
		};
		97EEE3DD1B78B6A4005AB843 /* SwiftCustomTests */ = {
			isa = PBXGroup;
			children = (
				97EEE3E01B78B6A4005AB843 /* SwiftCustomTests.swift */,
				97EEE3DE1B78B6A4005AB843 /* Supporting Files */,
			);
			path = SwiftCustomTests;
			sourceTree = "<group>";
		};
		97EEE3DE1B78B6A4005AB843 /* Supporting Files */ = {
			isa = PBXGroup;
			children = (
				97EEE3DF1B78B6A4005AB843 /* Info.plist */,
			);
			name = "Supporting Files";
			sourceTree = "<group>";
		};
		B0716577170721D9E81327BE /* Pods */ = {
			isa = PBXGroup;
			children = (
				85BECC6B57FC05BCBACD25D0 /* Pods-SwiftCustom.debug.xcconfig */,
				43896C9513A9F3C1C2CE2129 /* Pods-SwiftCustom.release.xcconfig */,
				DA735C54C1F7B9C070F977D0 /* Pods-SwiftCustomTests.debug.xcconfig */,
				68420EE7AA85C49CB0073C6F /* Pods-SwiftCustomTests.release.xcconfig */,
			);
			name = Pods;
			sourceTree = "<group>";
		};
		EC8B74625130AB03075B11B1 /* Frameworks */ = {
			isa = PBXGroup;
			children = (
				B3E1A52CA02BFF742EA0A490 /* Pods_SwiftCustom.framework */,
				C51181113C29C8CC45A45339 /* Pods_SwiftCustomTests.framework */,
			);
			name = Frameworks;
			sourceTree = "<group>";
		};
/* End PBXGroup section */

/* Begin PBXNativeTarget section */
		97EEE3C41B78B6A4005AB843 /* SwiftCustom */ = {
			isa = PBXNativeTarget;
			buildConfigurationList = 97EEE3E41B78B6A4005AB843 /* Build configuration list for PBXNativeTarget "SwiftCustom" */;
			buildPhases = (
				ADC944386651ED5DDD4486E0 /* [CP] Check Pods Manifest.lock */,
				97EEE3C11B78B6A4005AB843 /* Sources */,
				97EEE3C21B78B6A4005AB843 /* Frameworks */,
				97EEE3C31B78B6A4005AB843 /* Resources */,
				07ACB129A596123D6FC88FA9 /* [CP] Embed Pods Frameworks */,
				ECAD9B3BC531B637AADB4750 /* [CP] Copy Pods Resources */,
			);
			buildRules = (
			);
			dependencies = (
			);
			name = SwiftCustom;
			productName = SwiftCustom;
			productReference = 97EEE3C51B78B6A4005AB843 /* SwiftCustom.app */;
			productType = "com.apple.product-type.application";
		};
		97EEE3D91B78B6A4005AB843 /* SwiftCustomTests */ = {
			isa = PBXNativeTarget;
			buildConfigurationList = 97EEE3E71B78B6A4005AB843 /* Build configuration list for PBXNativeTarget "SwiftCustomTests" */;
			buildPhases = (
				7D22D2402CD5886A0763F249 /* [CP] Check Pods Manifest.lock */,
				97EEE3D61B78B6A4005AB843 /* Sources */,
				97EEE3D71B78B6A4005AB843 /* Frameworks */,
				97EEE3D81B78B6A4005AB843 /* Resources */,
				0E37AA95B7B87B6C4B7260B1 /* [CP] Embed Pods Frameworks */,
				9B4153E60F7C3C1C18D42D29 /* [CP] Copy Pods Resources */,
			);
			buildRules = (
			);
			dependencies = (
				97EEE3DC1B78B6A4005AB843 /* PBXTargetDependency */,
			);
			name = SwiftCustomTests;
			productName = SwiftCustomTests;
			productReference = 97EEE3DA1B78B6A4005AB843 /* SwiftCustomTests.xctest */;
			productType = "com.apple.product-type.bundle.unit-test";
		};
/* End PBXNativeTarget section */

/* Begin PBXProject section */
		97EEE3BD1B78B6A4005AB843 /* Project object */ = {
			isa = PBXProject;
			attributes = {
				LastSwiftUpdateCheck = 0710;
				LastUpgradeCheck = 0640;
				ORGANIZATIONNAME = shiguanghui;
				TargetAttributes = {
					97EEE3C41B78B6A4005AB843 = {
						CreatedOnToolsVersion = 6.4;
						LastSwiftMigration = 0800;
					};
					97EEE3D91B78B6A4005AB843 = {
						CreatedOnToolsVersion = 6.4;
						LastSwiftMigration = 0800;
						TestTargetID = 97EEE3C41B78B6A4005AB843;
					};
				};
			};
			buildConfigurationList = 97EEE3C01B78B6A4005AB843 /* Build configuration list for PBXProject "SwiftCustom" */;
			compatibilityVersion = "Xcode 3.2";
			developmentRegion = English;
			hasScannedForEncodings = 0;
			knownRegions = (
				en,
				Base,
			);
			mainGroup = 97EEE3BC1B78B6A4005AB843;
			productRefGroup = 97EEE3C61B78B6A4005AB843 /* Products */;
			projectDirPath = "";
			projectRoot = "";
			targets = (
				97EEE3C41B78B6A4005AB843 /* SwiftCustom */,
				97EEE3D91B78B6A4005AB843 /* SwiftCustomTests */,
			);
		};
/* End PBXProject section */

/* Begin PBXResourcesBuildPhase section */
		97EEE3C31B78B6A4005AB843 /* Resources */ = {
			isa = PBXResourcesBuildPhase;
			buildActionMask = 2147483647;
			files = (
				97EEE3D01B78B6A4005AB843 /* Main.storyboard in Resources */,
				97EEE3D51B78B6A4005AB843 /* LaunchScreen.xib in Resources */,
				97EEE3D21B78B6A4005AB843 /* Images.xcassets in Resources */,
			);
			runOnlyForDeploymentPostprocessing = 0;
		};
		97EEE3D81B78B6A4005AB843 /* Resources */ = {
			isa = PBXResourcesBuildPhase;
			buildActionMask = 2147483647;
			files = (
			);
			runOnlyForDeploymentPostprocessing = 0;
		};
/* End PBXResourcesBuildPhase section */

/* Begin PBXShellScriptBuildPhase section */
		07ACB129A596123D6FC88FA9 /* [CP] Embed Pods Frameworks */ = {
			isa = PBXShellScriptBuildPhase;
			buildActionMask = 2147483647;
			files = (
			);
			inputPaths = (
			);
			name = "[CP] Embed Pods Frameworks";
			outputPaths = (
			);
			runOnlyForDeploymentPostprocessing = 0;
			shellPath = /bin/sh;
			shellScript = "\"${SRCROOT}/Pods/Target Support Files/Pods-SwiftCustom/Pods-SwiftCustom-frameworks.sh\"\n";
			showEnvVarsInLog = 0;
		};
		0E37AA95B7B87B6C4B7260B1 /* [CP] Embed Pods Frameworks */ = {
			isa = PBXShellScriptBuildPhase;
			buildActionMask = 2147483647;
			files = (
			);
			inputPaths = (
			);
			name = "[CP] Embed Pods Frameworks";
			outputPaths = (
			);
			runOnlyForDeploymentPostprocessing = 0;
			shellPath = /bin/sh;
			shellScript = "\"${SRCROOT}/Pods/Target Support Files/Pods-SwiftCustomTests/Pods-SwiftCustomTests-frameworks.sh\"\n";
			showEnvVarsInLog = 0;
		};
		7D22D2402CD5886A0763F249 /* [CP] Check Pods Manifest.lock */ = {
			isa = PBXShellScriptBuildPhase;
			buildActionMask = 2147483647;
			files = (
			);
			inputPaths = (
			);
			name = "[CP] Check Pods Manifest.lock";
			outputPaths = (
			);
			runOnlyForDeploymentPostprocessing = 0;
			shellPath = /bin/sh;
			shellScript = "diff \"${PODS_ROOT}/../Podfile.lock\" \"${PODS_ROOT}/Manifest.lock\" > /dev/null\nif [[ $? != 0 ]] ; then\n    cat << EOM\nerror: The sandbox is not in sync with the Podfile.lock. Run 'pod install' or update your CocoaPods installation.\nEOM\n    exit 1\nfi\n";
			showEnvVarsInLog = 0;
		};
		9B4153E60F7C3C1C18D42D29 /* [CP] Copy Pods Resources */ = {
			isa = PBXShellScriptBuildPhase;
			buildActionMask = 2147483647;
			files = (
			);
			inputPaths = (
			);
			name = "[CP] Copy Pods Resources";
			outputPaths = (
			);
			runOnlyForDeploymentPostprocessing = 0;
			shellPath = /bin/sh;
			shellScript = "\"${SRCROOT}/Pods/Target Support Files/Pods-SwiftCustomTests/Pods-SwiftCustomTests-resources.sh\"\n";
			showEnvVarsInLog = 0;
		};
		ADC944386651ED5DDD4486E0 /* [CP] Check Pods Manifest.lock */ = {
			isa = PBXShellScriptBuildPhase;
			buildActionMask = 2147483647;
			files = (
			);
			inputPaths = (
			);
			name = "[CP] Check Pods Manifest.lock";
			outputPaths = (
			);
			runOnlyForDeploymentPostprocessing = 0;
			shellPath = /bin/sh;
			shellScript = "diff \"${PODS_ROOT}/../Podfile.lock\" \"${PODS_ROOT}/Manifest.lock\" > /dev/null\nif [[ $? != 0 ]] ; then\n    cat << EOM\nerror: The sandbox is not in sync with the Podfile.lock. Run 'pod install' or update your CocoaPods installation.\nEOM\n    exit 1\nfi\n";
			showEnvVarsInLog = 0;
		};
		ECAD9B3BC531B637AADB4750 /* [CP] Copy Pods Resources */ = {
			isa = PBXShellScriptBuildPhase;
			buildActionMask = 2147483647;
			files = (
			);
			inputPaths = (
			);
			name = "[CP] Copy Pods Resources";
			outputPaths = (
			);
			runOnlyForDeploymentPostprocessing = 0;
			shellPath = /bin/sh;
			shellScript = "\"${SRCROOT}/Pods/Target Support Files/Pods-SwiftCustom/Pods-SwiftCustom-resources.sh\"\n";
			showEnvVarsInLog = 0;
		};
/* End PBXShellScriptBuildPhase section */

/* Begin PBXSourcesBuildPhase section */
		97EEE3C11B78B6A4005AB843 /* Sources */ = {
			isa = PBXSourcesBuildPhase;
			buildActionMask = 2147483647;
			files = (
				97109A751BF078F1007D9D5B /* ColorView.swift in Sources */,
				971712441BFACEAD00F7F6FA /* MyCell.swift in Sources */,
				97EEE3CD1B78B6A4005AB843 /* ViewController.swift in Sources */,
				97EEE3CB1B78B6A4005AB843 /* AppDelegate.swift in Sources */,
				97109A771BF07918007D9D5B /* FirstViewController.swift in Sources */,
			);
			runOnlyForDeploymentPostprocessing = 0;
		};
		97EEE3D61B78B6A4005AB843 /* Sources */ = {
			isa = PBXSourcesBuildPhase;
			buildActionMask = 2147483647;
			files = (
				97EEE3E11B78B6A4005AB843 /* SwiftCustomTests.swift in Sources */,
			);
			runOnlyForDeploymentPostprocessing = 0;
		};
/* End PBXSourcesBuildPhase section */

/* Begin PBXTargetDependency section */
		97EEE3DC1B78B6A4005AB843 /* PBXTargetDependency */ = {
			isa = PBXTargetDependency;
			target = 97EEE3C41B78B6A4005AB843 /* SwiftCustom */;
			targetProxy = 97EEE3DB1B78B6A4005AB843 /* PBXContainerItemProxy */;
		};
/* End PBXTargetDependency section */

/* Begin PBXVariantGroup section */
		97EEE3CE1B78B6A4005AB843 /* Main.storyboard */ = {
			isa = PBXVariantGroup;
			children = (
				97EEE3CF1B78B6A4005AB843 /* Base */,
			);
			name = Main.storyboard;
			sourceTree = "<group>";
		};
		97EEE3D31B78B6A4005AB843 /* LaunchScreen.xib */ = {
			isa = PBXVariantGroup;
			children = (
				97EEE3D41B78B6A4005AB843 /* Base */,
			);
			name = LaunchScreen.xib;
			sourceTree = "<group>";
		};
/* End PBXVariantGroup section */

/* Begin XCBuildConfiguration section */
		97EEE3E21B78B6A4005AB843 /* Debug */ = {
			isa = XCBuildConfiguration;
			buildSettings = {
				ALWAYS_SEARCH_USER_PATHS = NO;
				CLANG_CXX_LANGUAGE_STANDARD = "gnu++0x";
				CLANG_CXX_LIBRARY = "libc++";
				CLANG_ENABLE_MODULES = YES;
				CLANG_ENABLE_OBJC_ARC = YES;
				CLANG_WARN_BOOL_CONVERSION = YES;
				CLANG_WARN_CONSTANT_CONVERSION = YES;
				CLANG_WARN_DIRECT_OBJC_ISA_USAGE = YES_ERROR;
				CLANG_WARN_EMPTY_BODY = YES;
				CLANG_WARN_ENUM_CONVERSION = YES;
				CLANG_WARN_INT_CONVERSION = YES;
				CLANG_WARN_OBJC_ROOT_CLASS = YES_ERROR;
				CLANG_WARN_UNREACHABLE_CODE = YES;
				CLANG_WARN__DUPLICATE_METHOD_MATCH = YES;
				"CODE_SIGN_IDENTITY[sdk=iphoneos*]" = "iPhone Developer";
				COPY_PHASE_STRIP = NO;
				DEBUG_INFORMATION_FORMAT = "dwarf-with-dsym";
				ENABLE_STRICT_OBJC_MSGSEND = YES;
				GCC_C_LANGUAGE_STANDARD = gnu99;
				GCC_DYNAMIC_NO_PIC = NO;
				GCC_NO_COMMON_BLOCKS = YES;
				GCC_OPTIMIZATION_LEVEL = 0;
				GCC_PREPROCESSOR_DEFINITIONS = (
					"DEBUG=1",
					"$(inherited)",
				);
				GCC_SYMBOLS_PRIVATE_EXTERN = NO;
				GCC_WARN_64_TO_32_BIT_CONVERSION = YES;
				GCC_WARN_ABOUT_RETURN_TYPE = YES_ERROR;
				GCC_WARN_UNDECLARED_SELECTOR = YES;
				GCC_WARN_UNINITIALIZED_AUTOS = YES_AGGRESSIVE;
				GCC_WARN_UNUSED_FUNCTION = YES;
				GCC_WARN_UNUSED_VARIABLE = YES;
				IPHONEOS_DEPLOYMENT_TARGET = 8.4;
				MTL_ENABLE_DEBUG_INFO = YES;
				ONLY_ACTIVE_ARCH = YES;
				SDKROOT = iphoneos;
				SWIFT_OPTIMIZATION_LEVEL = "-Onone";
			};
			name = Debug;
		};
		97EEE3E31B78B6A4005AB843 /* Release */ = {
			isa = XCBuildConfiguration;
			buildSettings = {
				ALWAYS_SEARCH_USER_PATHS = NO;
				CLANG_CXX_LANGUAGE_STANDARD = "gnu++0x";
				CLANG_CXX_LIBRARY = "libc++";
				CLANG_ENABLE_MODULES = YES;
				CLANG_ENABLE_OBJC_ARC = YES;
				CLANG_WARN_BOOL_CONVERSION = YES;
				CLANG_WARN_CONSTANT_CONVERSION = YES;
				CLANG_WARN_DIRECT_OBJC_ISA_USAGE = YES_ERROR;
				CLANG_WARN_EMPTY_BODY = YES;
				CLANG_WARN_ENUM_CONVERSION = YES;
				CLANG_WARN_INT_CONVERSION = YES;
				CLANG_WARN_OBJC_ROOT_CLASS = YES_ERROR;
				CLANG_WARN_UNREACHABLE_CODE = YES;
				CLANG_WARN__DUPLICATE_METHOD_MATCH = YES;
				"CODE_SIGN_IDENTITY[sdk=iphoneos*]" = "iPhone Developer";
				COPY_PHASE_STRIP = NO;
				DEBUG_INFORMATION_FORMAT = "dwarf-with-dsym";
				ENABLE_NS_ASSERTIONS = NO;
				ENABLE_STRICT_OBJC_MSGSEND = YES;
				GCC_C_LANGUAGE_STANDARD = gnu99;
				GCC_NO_COMMON_BLOCKS = YES;
				GCC_WARN_64_TO_32_BIT_CONVERSION = YES;
				GCC_WARN_ABOUT_RETURN_TYPE = YES_ERROR;
				GCC_WARN_UNDECLARED_SELECTOR = YES;
				GCC_WARN_UNINITIALIZED_AUTOS = YES_AGGRESSIVE;
				GCC_WARN_UNUSED_FUNCTION = YES;
				GCC_WARN_UNUSED_VARIABLE = YES;
				IPHONEOS_DEPLOYMENT_TARGET = 8.4;
				MTL_ENABLE_DEBUG_INFO = NO;
				SDKROOT = iphoneos;
				VALIDATE_PRODUCT = YES;
			};
			name = Release;
		};
		97EEE3E51B78B6A4005AB843 /* Debug */ = {
			isa = XCBuildConfiguration;
			baseConfigurationReference = 85BECC6B57FC05BCBACD25D0 /* Pods-SwiftCustom.debug.xcconfig */;
			buildSettings = {
				ASSETCATALOG_COMPILER_APPICON_NAME = AppIcon;
				INFOPLIST_FILE = SwiftCustom/Info.plist;
				LD_RUNPATH_SEARCH_PATHS = "$(inherited) @executable_path/Frameworks";
				PRODUCT_NAME = "$(TARGET_NAME)";
				SWIFT_VERSION = 3.0;
			};
			name = Debug;
		};
		97EEE3E61B78B6A4005AB843 /* Release */ = {
			isa = XCBuildConfiguration;
			baseConfigurationReference = 43896C9513A9F3C1C2CE2129 /* Pods-SwiftCustom.release.xcconfig */;
			buildSettings = {
				ASSETCATALOG_COMPILER_APPICON_NAME = AppIcon;
				INFOPLIST_FILE = SwiftCustom/Info.plist;
				LD_RUNPATH_SEARCH_PATHS = "$(inherited) @executable_path/Frameworks";
				PRODUCT_NAME = "$(TARGET_NAME)";
				SWIFT_VERSION = 3.0;
			};
			name = Release;
		};
		97EEE3E81B78B6A4005AB843 /* Debug */ = {
			isa = XCBuildConfiguration;
			baseConfigurationReference = DA735C54C1F7B9C070F977D0 /* Pods-SwiftCustomTests.debug.xcconfig */;
			buildSettings = {
				BUNDLE_LOADER = "$(TEST_HOST)";
				FRAMEWORK_SEARCH_PATHS = (
					"$(SDKROOT)/Developer/Library/Frameworks",
					"$(inherited)",
				);
				GCC_PREPROCESSOR_DEFINITIONS = (
					"DEBUG=1",
					"$(inherited)",
				);
				INFOPLIST_FILE = SwiftCustomTests/Info.plist;
				LD_RUNPATH_SEARCH_PATHS = "$(inherited) @executable_path/Frameworks @loader_path/Frameworks";
				PRODUCT_NAME = "$(TARGET_NAME)";
				SWIFT_VERSION = 3.0;
				TEST_HOST = "$(BUILT_PRODUCTS_DIR)/SwiftCustom.app/SwiftCustom";
			};
			name = Debug;
		};
		97EEE3E91B78B6A4005AB843 /* Release */ = {
			isa = XCBuildConfiguration;
			baseConfigurationReference = 68420EE7AA85C49CB0073C6F /* Pods-SwiftCustomTests.release.xcconfig */;
			buildSettings = {
				BUNDLE_LOADER = "$(TEST_HOST)";
				FRAMEWORK_SEARCH_PATHS = (
					"$(SDKROOT)/Developer/Library/Frameworks",
					"$(inherited)",
				);
				INFOPLIST_FILE = SwiftCustomTests/Info.plist;
				LD_RUNPATH_SEARCH_PATHS = "$(inherited) @executable_path/Frameworks @loader_path/Frameworks";
				PRODUCT_NAME = "$(TARGET_NAME)";
				SWIFT_VERSION = 3.0;
				TEST_HOST = "$(BUILT_PRODUCTS_DIR)/SwiftCustom.app/SwiftCustom";
			};
			name = Release;
		};
/* End XCBuildConfiguration section */

/* Begin XCConfigurationList section */
		97EEE3C01B78B6A4005AB843 /* Build configuration list for PBXProject "SwiftCustom" */ = {
			isa = XCConfigurationList;
			buildConfigurations = (
				97EEE3E21B78B6A4005AB843 /* Debug */,
				97EEE3E31B78B6A4005AB843 /* Release */,
			);
			defaultConfigurationIsVisible = 0;
			defaultConfigurationName = Release;
		};
		97EEE3E41B78B6A4005AB843 /* Build configuration list for PBXNativeTarget "SwiftCustom" */ = {
			isa = XCConfigurationList;
			buildConfigurations = (
				97EEE3E51B78B6A4005AB843 /* Debug */,
				97EEE3E61B78B6A4005AB843 /* Release */,
			);
			defaultConfigurationIsVisible = 0;
			defaultConfigurationName = Release;
		};
		97EEE3E71B78B6A4005AB843 /* Build configuration list for PBXNativeTarget "SwiftCustomTests" */ = {
			isa = XCConfigurationList;
			buildConfigurations = (
				97EEE3E81B78B6A4005AB843 /* Debug */,
				97EEE3E91B78B6A4005AB843 /* Release */,
			);
			defaultConfigurationIsVisible = 0;
			defaultConfigurationName = Release;
		};
/* End XCConfigurationList section */
	};
	rootObject = 97EEE3BD1B78B6A4005AB843 /* Project object */;
}
